
Microsoft Visual Studio Solution File, Format Version 12.00
# Visual Studio 15
VisualStudioVersion = 15.0.28307.572
MinimumVisualStudioVersion = 10.0.40219.1
Project("{FAE04EC0-301F-11D3-BF4B-00C04F79EFBC}") = "CalendarWeekSelection.Android", "CalendarWeekSelection\CalendarWeekSelection.Android\CalendarWeekSelection.Android.csproj", "{A6ADC86D-5B22-4DDA-B683-03CF4CDA24FB}"
EndProject
Project("{FAE04EC0-301F-11D3-BF4B-00C04F79EFBC}") = "CalendarWeekSelection.iOS", "CalendarWeekSelection\CalendarWeekSelection.iOS\CalendarWeekSelection.iOS.csproj", "{C4CF3159-2190-495F-B950-DE816B81BC20}"
EndProject
Project("{FAE04EC0-301F-11D3-BF4B-00C04F79EFBC}") = "CalendarWeekSelection.UWP", "CalendarWeekSelection\CalendarWeekSelection.UWP\CalendarWeekSelection.UWP.csproj", "{CC56218F-E792-4574-B1CD-D87E1B1C3184}"
EndProject
Project("{FAE04EC0-301F-11D3-BF4B-00C04F79EFBC}") = "CalendarWeekSelection", "CalendarWeekSelection\CalendarWeekSelection\CalendarWeekSelection.csproj", "{5B0C26CA-4417-4674-AB30-CFB7991C977F}"
EndProject
Global
	GlobalSection(SolutionConfigurationPlatforms) = preSolution
		Ad-Hoc|Any CPU = Ad-Hoc|Any CPU
		Ad-Hoc|ARM = Ad-Hoc|ARM
		Ad-Hoc|iPhone = Ad-Hoc|iPhone
		Ad-Hoc|iPhoneSimulator = Ad-Hoc|iPhoneSimulator
		Ad-Hoc|x64 = Ad-Hoc|x64
		Ad-Hoc|x86 = Ad-Hoc|x86
		AppStore|Any CPU = AppStore|Any CPU
		AppStore|ARM = AppStore|ARM
		AppStore|iPhone = AppStore|iPhone
		AppStore|iPhoneSimulator = AppStore|iPhoneSimulator
		AppStore|x64 = AppStore|x64
		AppStore|x86 = AppStore|x86
		Debug|Any CPU = Debug|Any CPU
		Debug|ARM = Debug|ARM
		Debug|iPhone = Debug|iPhone
		Debug|iPhoneSimulator = Debug|iPhoneSimulator
		Debug|x64 = Debug|x64
		Debug|x86 = Debug|x86
		Release|Any CPU = Release|Any CPU
		Release|ARM = Release|ARM
		Release|iPhone = Release|iPhone
		Release|iPhoneSimulator = Release|iPhoneSimulator
		Release|x64 = Release|x64
		Release|x86 = Release|x86
	EndGlobalSection
	GlobalSection(ProjectConfigurationPlatforms) = postSolution
		{A6ADC86D-5B22-4DDA-B683-03CF4CDA24FB}.Ad-Hoc|Any CPU.ActiveCfg = Release|Any CPU
		{A6ADC86D-5B22-4DDA-B683-03CF4CDA24FB}.Ad-Hoc|Any CPU.Build.0 = Release|Any CPU
		{A6ADC86D-5B22-4DDA-B683-03CF4CDA24FB}.Ad-Hoc|Any CPU.Deploy.0 = Release|Any CPU
		{A6ADC86D-5B22-4DDA-B683-03CF4CDA24FB}.Ad-Hoc|ARM.ActiveCfg = Release|Any CPU
		{A6ADC86D-5B22-4DDA-B683-03CF4CDA24FB}.Ad-Hoc|ARM.Build.0 = Release|Any CPU
		{A6ADC86D-5B22-4DDA-B683-03CF4CDA24FB}.Ad-Hoc|ARM.Deploy.0 = Release|Any CPU
		{A6ADC86D-5B22-4DDA-B683-03CF4CDA24FB}.Ad-Hoc|iPhone.ActiveCfg = Release|Any CPU
		{A6ADC86D-5B22-4DDA-B683-03CF4CDA24FB}.Ad-Hoc|iPhone.Build.0 = Release|Any CPU
		{A6ADC86D-5B22-4DDA-B683-03CF4CDA24FB}.Ad-Hoc|iPhone.Deploy.0 = Release|Any CPU
		{A6ADC86D-5B22-4DDA-B683-03CF4CDA24FB}.Ad-Hoc|iPhoneSimulator.ActiveCfg = Release|Any CPU
		{A6ADC86D-5B22-4DDA-B683-03CF4CDA24FB}.Ad-Hoc|iPhoneSimulator.Build.0 = Release|Any CPU
		{A6ADC86D-5B22-4DDA-B683-03CF4CDA24FB}.Ad-Hoc|iPhoneSimulator.Deploy.0 = Release|Any CPU
		{A6ADC86D-5B22-4DDA-B683-03CF4CDA24FB}.Ad-Hoc|x64.ActiveCfg = Release|Any CPU
		{A6ADC86D-5B22-4DDA-B683-03CF4CDA24FB}.Ad-Hoc|x64.Build.0 = Release|Any CPU
		{A6ADC86D-5B22-4DDA-B683-03CF4CDA24FB}.Ad-Hoc|x64.Deploy.0 = Release|Any CPU
		{A6ADC86D-5B22-4DDA-B683-03CF4CDA24FB}.Ad-Hoc|x86.ActiveCfg = Release|Any CPU
		{A6ADC86D-5B22-4DDA-B683-03CF4CDA24FB}.Ad-Hoc|x86.Build.0 = Release|Any CPU
		{A6ADC86D-5B22-4DDA-B683-03CF4CDA24FB}.Ad-Hoc|x86.Deploy.0 = Release|Any CPU
		{A6ADC86D-5B22-4DDA-B683-03CF4CDA24FB}.AppStore|Any CPU.ActiveCfg = Release|Any CPU
		{A6ADC86D-5B22-4DDA-B683-03CF4CDA24FB}.AppStore|Any CPU.Build.0 = Release|Any CPU
		{A6ADC86D-5B22-4DDA-B683-03CF4CDA24FB}.AppStore|Any CPU.Deploy.0 = Release|Any CPU
		{A6ADC86D-5B22-4DDA-B683-03CF4CDA24FB}.AppStore|ARM.ActiveCfg = Release|Any CPU
		{A6ADC86D-5B22-4DDA-B683-03CF4CDA24FB}.AppStore|ARM.Build.0 = Release|Any CPU
		{A6ADC86D-5B22-4DDA-B683-03CF4CDA24FB}.AppStore|ARM.Deploy.0 = Release|Any CPU
		{A6ADC86D-5B22-4DDA-B683-03CF4CDA24FB}.AppStore|iPhone.ActiveCfg = Release|Any CPU
		{A6ADC86D-5B22-4DDA-B683-03CF4CDA24FB}.AppStore|iPhone.Build.0 = Release|Any CPU
		{A6ADC86D-5B22-4DDA-B683-03CF4CDA24FB}.AppStore|iPhone.Deploy.0 = Release|Any CPU
		{A6ADC86D-5B22-4DDA-B683-03CF4CDA24FB}.AppStore|iPhoneSimulator.ActiveCfg = Release|Any CPU
		{A6ADC86D-5B22-4DDA-B683-03CF4CDA24FB}.AppStore|iPhoneSimulator.Build.0 = Release|Any CPU
		{A6ADC86D-5B22-4DDA-B683-03CF4CDA24FB}.AppStore|iPhoneSimulator.Deploy.0 = Release|Any CPU
		{A6ADC86D-5B22-4DDA-B683-03CF4CDA24FB}.AppStore|x64.ActiveCfg = Release|Any CPU
		{A6ADC86D-5B22-4DDA-B683-03CF4CDA24FB}.AppStore|x64.Build.0 = Release|Any CPU
		{A6ADC86D-5B22-4DDA-B683-03CF4CDA24FB}.AppStore|x64.Deploy.0 = Release|Any CPU
		{A6ADC86D-5B22-4DDA-B683-03CF4CDA24FB}.AppStore|x86.ActiveCfg = Release|Any CPU
		{A6ADC86D-5B22-4DDA-B683-03CF4CDA24FB}.AppStore|x86.Build.0 = Release|Any CPU
		{A6ADC86D-5B22-4DDA-B683-03CF4CDA24FB}.AppStore|x86.Deploy.0 = Release|Any CPU
		{A6ADC86D-5B22-4DDA-B683-03CF4CDA24FB}.Debug|Any CPU.ActiveCfg = Debug|Any CPU
		{A6ADC86D-5B22-4DDA-B683-03CF4CDA24FB}.Debug|Any CPU.Build.0 = Debug|Any CPU
		{A6ADC86D-5B22-4DDA-B683-03CF4CDA24FB}.Debug|Any CPU.Deploy.0 = Debug|Any CPU
		{A6ADC86D-5B22-4DDA-B683-03CF4CDA24FB}.Debug|ARM.ActiveCfg = Debug|Any CPU
		{A6ADC86D-5B22-4DDA-B683-03CF4CDA24FB}.Debug|ARM.Build.0 = Debug|Any CPU
		{A6ADC86D-5B22-4DDA-B683-03CF4CDA24FB}.Debug|ARM.Deploy.0 = Debug|Any CPU
		{A6ADC86D-5B22-4DDA-B683-03CF4CDA24FB}.Debug|iPhone.ActiveCfg = Debug|Any CPU
		{A6ADC86D-5B22-4DDA-B683-03CF4CDA24FB}.Debug|iPhone.Build.0 = Debug|Any CPU
		{A6ADC86D-5B22-4DDA-B683-03CF4CDA24FB}.Debug|iPhone.Deploy.0 = Debug|Any CPU
		{A6ADC86D-5B22-4DDA-B683-03CF4CDA24FB}.Debug|iPhoneSimulator.ActiveCfg = Debug|Any CPU
		{A6ADC86D-5B22-4DDA-B683-03CF4CDA24FB}.Debug|iPhoneSimulator.Build.0 = Debug|Any CPU
		{A6ADC86D-5B22-4DDA-B683-03CF4CDA24FB}.Debug|iPhoneSimulator.Deploy.0 = Debug|Any CPU
		{A6ADC86D-5B22-4DDA-B683-03CF4CDA24FB}.Debug|x64.ActiveCfg = Debug|Any CPU
		{A6ADC86D-5B22-4DDA-B683-03CF4CDA24FB}.Debug|x64.Build.0 = Debug|Any CPU
		{A6ADC86D-5B22-4DDA-B683-03CF4CDA24FB}.Debug|x64.Deploy.0 = Debug|Any CPU
		{A6ADC86D-5B22-4DDA-B683-03CF4CDA24FB}.Debug|x86.ActiveCfg = Debug|Any CPU
		{A6ADC86D-5B22-4DDA-B683-03CF4CDA24FB}.Debug|x86.Build.0 = Debug|Any CPU
		{A6ADC86D-5B22-4DDA-B683-03CF4CDA24FB}.Debug|x86.Deploy.0 = Debug|Any CPU
		{A6ADC86D-5B22-4DDA-B683-03CF4CDA24FB}.Release|Any CPU.ActiveCfg = Release|Any CPU
		{A6ADC86D-5B22-4DDA-B683-03CF4CDA24FB}.Release|Any CPU.Build.0 = Release|Any CPU
		{A6ADC86D-5B22-4DDA-B683-03CF4CDA24FB}.Release|Any CPU.Deploy.0 = Release|Any CPU
		{A6ADC86D-5B22-4DDA-B683-03CF4CDA24FB}.Release|ARM.ActiveCfg = Release|Any CPU
		{A6ADC86D-5B22-4DDA-B683-03CF4CDA24FB}.Release|ARM.Build.0 = Release|Any CPU
		{A6ADC86D-5B22-4DDA-B683-03CF4CDA24FB}.Release|ARM.Deploy.0 = Release|Any CPU
		{A6ADC86D-5B22-4DDA-B683-03CF4CDA24FB}.Release|iPhone.ActiveCfg = Release|Any CPU
		{A6ADC86D-5B22-4DDA-B683-03CF4CDA24FB}.Release|iPhone.Build.0 = Release|Any CPU
		{A6ADC86D-5B22-4DDA-B683-03CF4CDA24FB}.Release|iPhone.Deploy.0 = Release|Any CPU
		{A6ADC86D-5B22-4DDA-B683-03CF4CDA24FB}.Release|iPhoneSimulator.ActiveCfg = Release|Any CPU
		{A6ADC86D-5B22-4DDA-B683-03CF4CDA24FB}.Release|iPhoneSimulator.Build.0 = Release|Any CPU
		{A6ADC86D-5B22-4DDA-B683-03CF4CDA24FB}.Release|iPhoneSimulator.Deploy.0 = Release|Any CPU
		{A6ADC86D-5B22-4DDA-B683-03CF4CDA24FB}.Release|x64.ActiveCfg = Release|Any CPU
		{A6ADC86D-5B22-4DDA-B683-03CF4CDA24FB}.Release|x64.Build.0 = Release|Any CPU
		{A6ADC86D-5B22-4DDA-B683-03CF4CDA24FB}.Release|x64.Deploy.0 = Release|Any CPU
		{A6ADC86D-5B22-4DDA-B683-03CF4CDA24FB}.Release|x86.ActiveCfg = Release|Any CPU
		{A6ADC86D-5B22-4DDA-B683-03CF4CDA24FB}.Release|x86.Build.0 = Release|Any CPU
		{A6ADC86D-5B22-4DDA-B683-03CF4CDA24FB}.Release|x86.Deploy.0 = Release|Any CPU
		{C4CF3159-2190-495F-B950-DE816B81BC20}.Ad-Hoc|Any CPU.ActiveCfg = Ad-Hoc|iPhone
		{C4CF3159-2190-495F-B950-DE816B81BC20}.Ad-Hoc|Any CPU.Build.0 = Ad-Hoc|iPhone
		{C4CF3159-2190-495F-B950-DE816B81BC20}.Ad-Hoc|Any CPU.Deploy.0 = Ad-Hoc|iPhone
		{C4CF3159-2190-495F-B950-DE816B81BC20}.Ad-Hoc|ARM.ActiveCfg = Ad-Hoc|iPhone
		{C4CF3159-2190-495F-B950-DE816B81BC20}.Ad-Hoc|ARM.Build.0 = Ad-Hoc|iPhone
		{C4CF3159-2190-495F-B950-DE816B81BC20}.Ad-Hoc|ARM.Deploy.0 = Ad-Hoc|iPhone
		{C4CF3159-2190-495F-B950-DE816B81BC20}.Ad-Hoc|iPhone.ActiveCfg = Ad-Hoc|iPhone
		{C4CF3159-2190-495F-B950-DE816B81BC20}.Ad-Hoc|iPhone.Build.0 = Ad-Hoc|iPhone
		{C4CF3159-2190-495F-B950-DE816B81BC20}.Ad-Hoc|iPhone.Deploy.0 = Ad-Hoc|iPhone
		{C4CF3159-2190-495F-B950-DE816B81BC20}.Ad-Hoc|iPhoneSimulator.ActiveCfg = Ad-Hoc|iPhoneSimulator
		{C4CF3159-2190-495F-B950-DE816B81BC20}.Ad-Hoc|iPhoneSimulator.Build.0 = Ad-Hoc|iPhoneSimulator
		{C4CF3159-2190-495F-B950-DE816B81BC20}.Ad-Hoc|iPhoneSimulator.Deploy.0 = Ad-Hoc|iPhoneSimulator
		{C4CF3159-2190-495F-B950-DE816B81BC20}.Ad-Hoc|x64.ActiveCfg = Ad-Hoc|iPhone
		{C4CF3159-2190-495F-B950-DE816B81BC20}.Ad-Hoc|x64.Build.0 = Ad-Hoc|iPhone
		{C4CF3159-2190-495F-B950-DE816B81BC20}.Ad-Hoc|x64.Deploy.0 = Ad-Hoc|iPhone
		{C4CF3159-2190-495F-B950-DE816B81BC20}.Ad-Hoc|x86.ActiveCfg = Ad-Hoc|iPhone
		{C4CF3159-2190-495F-B950-DE816B81BC20}.Ad-Hoc|x86.Build.0 = Ad-Hoc|iPhone
		{C4CF3159-2190-495F-B950-DE816B81BC20}.Ad-Hoc|x86.Deploy.0 = Ad-Hoc|iPhone
		{C4CF3159-2190-495F-B950-DE816B81BC20}.AppStore|Any CPU.ActiveCfg = AppStore|iPhone
		{C4CF3159-2190-495F-B950-DE816B81BC20}.AppStore|Any CPU.Build.0 = AppStore|iPhone
		{C4CF3159-2190-495F-B950-DE816B81BC20}.AppStore|Any CPU.Deploy.0 = AppStore|iPhone
		{C4CF3159-2190-495F-B950-DE816B81BC20}.AppStore|ARM.ActiveCfg = AppStore|iPhone
		{C4CF3159-2190-495F-B950-DE816B81BC20}.AppStore|ARM.Build.0 = AppStore|iPhone
		{C4CF3159-2190-495F-B950-DE816B81BC20}.AppStore|ARM.Deploy.0 = AppStore|iPhone
		{C4CF3159-2190-495F-B950-DE816B81BC20}.AppStore|iPhone.ActiveCfg = AppStore|iPhone
		{C4CF3159-2190-495F-B950-DE816B81BC20}.AppStore|iPhone.Build.0 = AppStore|iPhone
		{C4CF3159-2190-495F-B950-DE816B81BC20}.AppStore|iPhone.Deploy.0 = AppStore|iPhone
		{C4CF3159-2190-495F-B950-DE816B81BC20}.AppStore|iPhoneSimulator.ActiveCfg = AppStore|iPhoneSimulator
		{C4CF3159-2190-495F-B950-DE816B81BC20}.AppStore|iPhoneSimulator.Build.0 = AppStore|iPhoneSimulator
		{C4CF3159-2190-495F-B950-DE816B81BC20}.AppStore|iPhoneSimulator.Deploy.0 = AppStore|iPhoneSimulator
		{C4CF3159-2190-495F-B950-DE816B81BC20}.AppStore|x64.ActiveCfg = AppStore|iPhone
		{C4CF3159-2190-495F-B950-DE816B81BC20}.AppStore|x64.Build.0 = AppStore|iPhone
		{C4CF3159-2190-495F-B950-DE816B81BC20}.AppStore|x64.Deploy.0 = AppStore|iPhone
		{C4CF3159-2190-495F-B950-DE816B81BC20}.AppStore|x86.ActiveCfg = AppStore|iPhone
		{C4CF3159-2190-495F-B950-DE816B81BC20}.AppStore|x86.Build.0 = AppStore|iPhone
		{C4CF3159-2190-495F-B950-DE816B81BC20}.AppStore|x86.Deploy.0 = AppStore|iPhone
		{C4CF3159-2190-495F-B950-DE816B81BC20}.Debug|Any CPU.ActiveCfg = Debug|iPhoneSimulator
		{C4CF3159-2190-495F-B950-DE816B81BC20}.Debug|Any CPU.Build.0 = Debug|iPhoneSimulator
		{C4CF3159-2190-495F-B950-DE816B81BC20}.Debug|Any CPU.Deploy.0 = Debug|iPhoneSimulator
		{C4CF3159-2190-495F-B950-DE816B81BC20}.Debug|ARM.ActiveCfg = Debug|iPhone
		{C4CF3159-2190-495F-B950-DE816B81BC20}.Debug|ARM.Build.0 = Debug|iPhone
		{C4CF3159-2190-495F-B950-DE816B81BC20}.Debug|ARM.Deploy.0 = Debug|iPhone
		{C4CF3159-2190-495F-B950-DE816B81BC20}.Debug|iPhone.ActiveCfg = Debug|iPhone
		{C4CF3159-2190-495F-B950-DE816B81BC20}.Debug|iPhone.Build.0 = Debug|iPhone
		{C4CF3159-2190-495F-B950-DE816B81BC20}.Debug|iPhone.Deploy.0 = Debug|iPhone
		{C4CF3159-2190-495F-B950-DE816B81BC20}.Debug|iPhoneSimulator.ActiveCfg = Debug|iPhoneSimulator
		{C4CF3159-2190-495F-B950-DE816B81BC20}.Debug|iPhoneSimulator.Build.0 = Debug|iPhoneSimulator
		{C4CF3159-2190-495F-B950-DE816B81BC20}.Debug|iPhoneSimulator.Deploy.0 = Debug|iPhoneSimulator
		{C4CF3159-2190-495F-B950-DE816B81BC20}.Debug|x64.ActiveCfg = Debug|iPhone
		{C4CF3159-2190-495F-B950-DE816B81BC20}.Debug|x64.Build.0 = Debug|iPhone
		{C4CF3159-2190-495F-B950-DE816B81BC20}.Debug|x64.Deploy.0 = Debug|iPhone
		{C4CF3159-2190-495F-B950-DE816B81BC20}.Debug|x86.ActiveCfg = Debug|iPhone
		{C4CF3159-2190-495F-B950-DE816B81BC20}.Debug|x86.Build.0 = Debug|iPhone
		{C4CF3159-2190-495F-B950-DE816B81BC20}.Debug|x86.Deploy.0 = Debug|iPhone
		{C4CF3159-2190-495F-B950-DE816B81BC20}.Release|Any CPU.ActiveCfg = Release|iPhone
		{C4CF3159-2190-495F-B950-DE816B81BC20}.Release|Any CPU.Build.0 = Release|iPhone
		{C4CF3159-2190-495F-B950-DE816B81BC20}.Release|Any CPU.Deploy.0 = Release|iPhone
		{C4CF3159-2190-495F-B950-DE816B81BC20}.Release|ARM.ActiveCfg = Release|iPhone
		{C4CF3159-2190-495F-B950-DE816B81BC20}.Release|ARM.Build.0 = Release|iPhone
		{C4CF3159-2190-495F-B950-DE816B81BC20}.Release|ARM.Deploy.0 = Release|iPhone
		{C4CF3159-2190-495F-B950-DE816B81BC20}.Release|iPhone.ActiveCfg = Release|iPhone
		{C4CF3159-2190-495F-B950-DE816B81BC20}.Release|iPhone.Build.0 = Release|iPhone
		{C4CF3159-2190-495F-B950-DE816B81BC20}.Release|iPhone.Deploy.0 = Release|iPhone
		{C4CF3159-2190-495F-B950-DE816B81BC20}.Release|iPhoneSimulator.ActiveCfg = Release|iPhoneSimulator
		{C4CF3159-2190-495F-B950-DE816B81BC20}.Release|iPhoneSimulator.Build.0 = Release|iPhoneSimulator
		{C4CF3159-2190-495F-B950-DE816B81BC20}.Release|iPhoneSimulator.Deploy.0 = Release|iPhoneSimulator
		{C4CF3159-2190-495F-B950-DE816B81BC20}.Release|x64.ActiveCfg = Release|iPhone
		{C4CF3159-2190-495F-B950-DE816B81BC20}.Release|x64.Build.0 = Release|iPhone
		{C4CF3159-2190-495F-B950-DE816B81BC20}.Release|x64.Deploy.0 = Release|iPhone
		{C4CF3159-2190-495F-B950-DE816B81BC20}.Release|x86.ActiveCfg = Release|iPhone
		{C4CF3159-2190-495F-B950-DE816B81BC20}.Release|x86.Build.0 = Release|iPhone
		{C4CF3159-2190-495F-B950-DE816B81BC20}.Release|x86.Deploy.0 = Release|iPhone
		{CC56218F-E792-4574-B1CD-D87E1B1C3184}.Ad-Hoc|Any CPU.ActiveCfg = Release|x86
		{CC56218F-E792-4574-B1CD-D87E1B1C3184}.Ad-Hoc|Any CPU.Build.0 = Release|x86
		{CC56218F-E792-4574-B1CD-D87E1B1C3184}.Ad-Hoc|Any CPU.Deploy.0 = Release|x86
		{CC56218F-E792-4574-B1CD-D87E1B1C3184}.Ad-Hoc|ARM.ActiveCfg = Release|ARM
		{CC56218F-E792-4574-B1CD-D87E1B1C3184}.Ad-Hoc|ARM.Build.0 = Release|ARM
		{CC56218F-E792-4574-B1CD-D87E1B1C3184}.Ad-Hoc|ARM.Deploy.0 = Release|ARM
		{CC56218F-E792-4574-B1CD-D87E1B1C3184}.Ad-Hoc|iPhone.ActiveCfg = Release|x86
		{CC56218F-E792-4574-B1CD-D87E1B1C3184}.Ad-Hoc|iPhone.Build.0 = Release|x86
		{CC56218F-E792-4574-B1CD-D87E1B1C3184}.Ad-Hoc|iPhone.Deploy.0 = Release|x86
		{CC56218F-E792-4574-B1CD-D87E1B1C3184}.Ad-Hoc|iPhoneSimulator.ActiveCfg = Release|x86
		{CC56218F-E792-4574-B1CD-D87E1B1C3184}.Ad-Hoc|iPhoneSimulator.Build.0 = Release|x86
		{CC56218F-E792-4574-B1CD-D87E1B1C3184}.Ad-Hoc|iPhoneSimulator.Deploy.0 = Release|x86
		{CC56218F-E792-4574-B1CD-D87E1B1C3184}.Ad-Hoc|x64.ActiveCfg = Release|x64
		{CC56218F-E792-4574-B1CD-D87E1B1C3184}.Ad-Hoc|x64.Build.0 = Release|x64
		{CC56218F-E792-4574-B1CD-D87E1B1C3184}.Ad-Hoc|x64.Deploy.0 = Release|x64
		{CC56218F-E792-4574-B1CD-D87E1B1C3184}.Ad-Hoc|x86.ActiveCfg = Release|x86
		{CC56218F-E792-4574-B1CD-D87E1B1C3184}.Ad-Hoc|x86.Build.0 = Release|x86
		{CC56218F-E792-4574-B1CD-D87E1B1C3184}.Ad-Hoc|x86.Deploy.0 = Release|x86
		{CC56218F-E792-4574-B1CD-D87E1B1C3184}.AppStore|Any CPU.ActiveCfg = Release|x86
		{CC56218F-E792-4574-B1CD-D87E1B1C3184}.AppStore|Any CPU.Build.0 = Release|x86
		{CC56218F-E792-4574-B1CD-D87E1B1C3184}.AppStore|Any CPU.Deploy.0 = Release|x86
		{CC56218F-E792-4574-B1CD-D87E1B1C3184}.AppStore|ARM.ActiveCfg = Release|ARM
		{CC56218F-E792-4574-B1CD-D87E1B1C3184}.AppStore|ARM.Build.0 = Release|ARM
		{CC56218F-E792-4574-B1CD-D87E1B1C3184}.AppStore|ARM.Deploy.0 = Release|ARM
		{CC56218F-E792-4574-B1CD-D87E1B1C3184}.AppStore|iPhone.ActiveCfg = Release|x86
		{CC56218F-E792-4574-B1CD-D87E1B1C3184}.AppStore|iPhone.Build.0 = Release|x86
		{CC56218F-E792-4574-B1CD-D87E1B1C3184}.AppStore|iPhone.Deploy.0 = Release|x86
		{CC56218F-E792-4574-B1CD-D87E1B1C3184}.AppStore|iPhoneSimulator.ActiveCfg = Release|x86
		{CC56218F-E792-4574-B1CD-D87E1B1C3184}.AppStore|iPhoneSimulator.Build.0 = Release|x86
		{CC56218F-E792-4574-B1CD-D87E1B1C3184}.AppStore|iPhoneSimulator.Deploy.0 = Release|x86
		{CC56218F-E792-4574-B1CD-D87E1B1C3184}.AppStore|x64.ActiveCfg = Release|x64
		{CC56218F-E792-4574-B1CD-D87E1B1C3184}.AppStore|x64.Build.0 = Release|x64
		{CC56218F-E792-4574-B1CD-D87E1B1C3184}.AppStore|x64.Deploy.0 = Release|x64
		{CC56218F-E792-4574-B1CD-D87E1B1C3184}.AppStore|x86.ActiveCfg = Release|x86
		{CC56218F-E792-4574-B1CD-D87E1B1C3184}.AppStore|x86.Build.0 = Release|x86
		{CC56218F-E792-4574-B1CD-D87E1B1C3184}.AppStore|x86.Deploy.0 = Release|x86
		{CC56218F-E792-4574-B1CD-D87E1B1C3184}.Debug|Any CPU.ActiveCfg = Debug|x86
		{CC56218F-E792-4574-B1CD-D87E1B1C3184}.Debug|Any CPU.Build.0 = Debug|x86
		{CC56218F-E792-4574-B1CD-D87E1B1C3184}.Debug|Any CPU.Deploy.0 = Debug|x86
		{CC56218F-E792-4574-B1CD-D87E1B1C3184}.Debug|ARM.ActiveCfg = Debug|ARM
		{CC56218F-E792-4574-B1CD-D87E1B1C3184}.Debug|ARM.Build.0 = Debug|ARM
		{CC56218F-E792-4574-B1CD-D87E1B1C3184}.Debug|ARM.Deploy.0 = Debug|ARM
		{CC56218F-E792-4574-B1CD-D87E1B1C3184}.Debug|iPhone.ActiveCfg = Debug|x86
		{CC56218F-E792-4574-B1CD-D87E1B1C3184}.Debug|iPhone.Build.0 = Debug|x86
		{CC56218F-E792-4574-B1CD-D87E1B1C3184}.Debug|iPhone.Deploy.0 = Debug|x86
		{CC56218F-E792-4574-B1CD-D87E1B1C3184}.Debug|iPhoneSimulator.ActiveCfg = Debug|x86
		{CC56218F-E792-4574-B1CD-D87E1B1C3184}.Debug|iPhoneSimulator.Build.0 = Debug|x86
		{CC56218F-E792-4574-B1CD-D87E1B1C3184}.Debug|iPhoneSimulator.Deploy.0 = Debug|x86
		{CC56218F-E792-4574-B1CD-D87E1B1C3184}.Debug|x64.ActiveCfg = Debug|x64
		{CC56218F-E792-4574-B1CD-D87E1B1C3184}.Debug|x64.Build.0 = Debug|x64
		{CC56218F-E792-4574-B1CD-D87E1B1C3184}.Debug|x64.Deploy.0 = Debug|x64
		{CC56218F-E792-4574-B1CD-D87E1B1C3184}.Debug|x86.ActiveCfg = Debug|x86
		{CC56218F-E792-4574-B1CD-D87E1B1C3184}.Debug|x86.Build.0 = Debug|x86
		{CC56218F-E792-4574-B1CD-D87E1B1C3184}.Debug|x86.Deploy.0 = Debug|x86
		{CC56218F-E792-4574-B1CD-D87E1B1C3184}.Release|Any CPU.ActiveCfg = Release|x86
		{CC56218F-E792-4574-B1CD-D87E1B1C3184}.Release|Any CPU.Build.0 = Release|x86
		{CC56218F-E792-4574-B1CD-D87E1B1C3184}.Release|Any CPU.Deploy.0 = Release|x86
		{CC56218F-E792-4574-B1CD-D87E1B1C3184}.Release|ARM.ActiveCfg = Release|ARM
		{CC56218F-E792-4574-B1CD-D87E1B1C3184}.Release|ARM.Build.0 = Release|ARM
		{CC56218F-E792-4574-B1CD-D87E1B1C3184}.Release|ARM.Deploy.0 = Release|ARM
		{CC56218F-E792-4574-B1CD-D87E1B1C3184}.Release|iPhone.ActiveCfg = Release|x86
		{CC56218F-E792-4574-B1CD-D87E1B1C3184}.Release|iPhone.Build.0 = Release|x86
		{CC56218F-E792-4574-B1CD-D87E1B1C3184}.Release|iPhone.Deploy.0 = Release|x86
		{CC56218F-E792-4574-B1CD-D87E1B1C3184}.Release|iPhoneSimulator.ActiveCfg = Release|x86
		{CC56218F-E792-4574-B1CD-D87E1B1C3184}.Release|iPhoneSimulator.Build.0 = Release|x86
		{CC56218F-E792-4574-B1CD-D87E1B1C3184}.Release|iPhoneSimulator.Deploy.0 = Release|x86
		{CC56218F-E792-4574-B1CD-D87E1B1C3184}.Release|x64.ActiveCfg = Release|x64
		{CC56218F-E792-4574-B1CD-D87E1B1C3184}.Release|x64.Build.0 = Release|x64
		{CC56218F-E792-4574-B1CD-D87E1B1C3184}.Release|x64.Deploy.0 = Release|x64
		{CC56218F-E792-4574-B1CD-D87E1B1C3184}.Release|x86.ActiveCfg = Release|x86
		{CC56218F-E792-4574-B1CD-D87E1B1C3184}.Release|x86.Build.0 = Release|x86
		{CC56218F-E792-4574-B1CD-D87E1B1C3184}.Release|x86.Deploy.0 = Release|x86
		{5B0C26CA-4417-4674-AB30-CFB7991C977F}.Ad-Hoc|Any CPU.ActiveCfg = Debug|Any CPU
		{5B0C26CA-4417-4674-AB30-CFB7991C977F}.Ad-Hoc|Any CPU.Build.0 = Debug|Any CPU
		{5B0C26CA-4417-4674-AB30-CFB7991C977F}.Ad-Hoc|Any CPU.Deploy.0 = Debug|Any CPU
		{5B0C26CA-4417-4674-AB30-CFB7991C977F}.Ad-Hoc|ARM.ActiveCfg = Debug|Any CPU
		{5B0C26CA-4417-4674-AB30-CFB7991C977F}.Ad-Hoc|ARM.Build.0 = Debug|Any CPU
		{5B0C26CA-4417-4674-AB30-CFB7991C977F}.Ad-Hoc|ARM.Deploy.0 = Debug|Any CPU
		{5B0C26CA-4417-4674-AB30-CFB7991C977F}.Ad-Hoc|iPhone.ActiveCfg = Debug|Any CPU
		{5B0C26CA-4417-4674-AB30-CFB7991C977F}.Ad-Hoc|iPhone.Build.0 = Debug|Any CPU
		{5B0C26CA-4417-4674-AB30-CFB7991C977F}.Ad-Hoc|iPhone.Deploy.0 = Debug|Any CPU
		{5B0C26CA-4417-4674-AB30-CFB7991C977F}.Ad-Hoc|iPhoneSimulator.ActiveCfg = Debug|Any CPU
		{5B0C26CA-4417-4674-AB30-CFB7991C977F}.Ad-Hoc|iPhoneSimulator.Build.0 = Debug|Any CPU
		{5B0C26CA-4417-4674-AB30-CFB7991C977F}.Ad-Hoc|iPhoneSimulator.Deploy.0 = Debug|Any CPU
		{5B0C26CA-4417-4674-AB30-CFB7991C977F}.Ad-Hoc|x64.ActiveCfg = Debug|Any CPU
		{5B0C26CA-4417-4674-AB30-CFB7991C977F}.Ad-Hoc|x64.Build.0 = Debug|Any CPU
		{5B0C26CA-4417-4674-AB30-CFB7991C977F}.Ad-Hoc|x64.Deploy.0 = Debug|Any CPU
		{5B0C26CA-4417-4674-AB30-CFB7991C977F}.Ad-Hoc|x86.ActiveCfg = Debug|Any CPU
		{5B0C26CA-4417-4674-AB30-CFB7991C977F}.Ad-Hoc|x86.Build.0 = Debug|Any CPU
		{5B0C26CA-4417-4674-AB30-CFB7991C977F}.Ad-Hoc|x86.Deploy.0 = Debug|Any CPU
		{5B0C26CA-4417-4674-AB30-CFB7991C977F}.AppStore|Any CPU.ActiveCfg = Debug|Any CPU
		{5B0C26CA-4417-4674-AB30-CFB7991C977F}.AppStore|Any CPU.Build.0 = Debug|Any CPU
		{5B0C26CA-4417-4674-AB30-CFB7991C977F}.AppStore|Any CPU.Deploy.0 = Debug|Any CPU
		{5B0C26CA-4417-4674-AB30-CFB7991C977F}.AppStore|ARM.ActiveCfg = Debug|Any CPU
		{5B0C26CA-4417-4674-AB30-CFB7991C977F}.AppStore|ARM.Build.0 = Debug|Any CPU
		{5B0C26CA-4417-4674-AB30-CFB7991C977F}.AppStore|ARM.Deploy.0 = Debug|Any CPU
		{5B0C26CA-4417-4674-AB30-CFB7991C977F}.AppStore|iPhone.ActiveCfg = Debug|Any CPU
		{5B0C26CA-4417-4674-AB30-CFB7991C977F}.AppStore|iPhone.Build.0 = Debug|Any CPU
		{5B0C26CA-4417-4674-AB30-CFB7991C977F}.AppStore|iPhone.Deploy.0 = Debug|Any CPU
		{5B0C26CA-4417-4674-AB30-CFB7991C977F}.AppStore|iPhoneSimulator.ActiveCfg = Debug|Any CPU
		{5B0C26CA-4417-4674-AB30-CFB7991C977F}.AppStore|iPhoneSimulator.Build.0 = Debug|Any CPU
		{5B0C26CA-4417-4674-AB30-CFB7991C977F}.AppStore|iPhoneSimulator.Deploy.0 = Debug|Any CPU
		{5B0C26CA-4417-4674-AB30-CFB7991C977F}.AppStore|x64.ActiveCfg = Debug|Any CPU
		{5B0C26CA-4417-4674-AB30-CFB7991C977F}.AppStore|x64.Build.0 = Debug|Any CPU
		{5B0C26CA-4417-4674-AB30-CFB7991C977F}.AppStore|x64.Deploy.0 = Debug|Any CPU
		{5B0C26CA-4417-4674-AB30-CFB7991C977F}.AppStore|x86.ActiveCfg = Debug|Any CPU
		{5B0C26CA-4417-4674-AB30-CFB7991C977F}.AppStore|x86.Build.0 = Debug|Any CPU
		{5B0C26CA-4417-4674-AB30-CFB7991C977F}.AppStore|x86.Deploy.0 = Debug|Any CPU
		{5B0C26CA-4417-4674-AB30-CFB7991C977F}.Debug|Any CPU.ActiveCfg = Debug|Any CPU
		{5B0C26CA-4417-4674-AB30-CFB7991C977F}.Debug|Any CPU.Build.0 = Debug|Any CPU
		{5B0C26CA-4417-4674-AB30-CFB7991C977F}.Debug|Any CPU.Deploy.0 = Debug|Any CPU
		{5B0C26CA-4417-4674-AB30-CFB7991C977F}.Debug|ARM.ActiveCfg = Debug|Any CPU
		{5B0C26CA-4417-4674-AB30-CFB7991C977F}.Debug|ARM.Build.0 = Debug|Any CPU
		{5B0C26CA-4417-4674-AB30-CFB7991C977F}.Debug|ARM.Deploy.0 = Debug|Any CPU
		{5B0C26CA-4417-4674-AB30-CFB7991C977F}.Debug|iPhone.ActiveCfg = Debug|Any CPU
		{5B0C26CA-4417-4674-AB30-CFB7991C977F}.Debug|iPhone.Build.0 = Debug|Any CPU
		{5B0C26CA-4417-4674-AB30-CFB7991C977F}.Debug|iPhone.Deploy.0 = Debug|Any CPU
		{5B0C26CA-4417-4674-AB30-CFB7991C977F}.Debug|iPhoneSimulator.ActiveCfg = Debug|Any CPU
		{5B0C26CA-4417-4674-AB30-CFB7991C977F}.Debug|iPhoneSimulator.Build.0 = Debug|Any CPU
		{5B0C26CA-4417-4674-AB30-CFB7991C977F}.Debug|iPhoneSimulator.Deploy.0 = Debug|Any CPU
		{5B0C26CA-4417-4674-AB30-CFB7991C977F}.Debug|x64.ActiveCfg = Debug|Any CPU
		{5B0C26CA-4417-4674-AB30-CFB7991C977F}.Debug|x64.Build.0 = Debug|Any CPU
		{5B0C26CA-4417-4674-AB30-CFB7991C977F}.Debug|x64.Deploy.0 = Debug|Any CPU
		{5B0C26CA-4417-4674-AB30-CFB7991C977F}.Debug|x86.ActiveCfg = Debug|Any CPU
		{5B0C26CA-4417-4674-AB30-CFB7991C977F}.Debug|x86.Build.0 = Debug|Any CPU
		{5B0C26CA-4417-4674-AB30-CFB7991C977F}.Debug|x86.Deploy.0 = Debug|Any CPU
		{5B0C26CA-4417-4674-AB30-CFB7991C977F}.Release|Any CPU.ActiveCfg = Release|Any CPU
		{5B0C26CA-4417-4674-AB30-CFB7991C977F}.Release|Any CPU.Build.0 = Release|Any CPU
		{5B0C26CA-4417-4674-AB30-CFB7991C977F}.Release|Any CPU.Deploy.0 = Release|Any CPU
		{5B0C26CA-4417-4674-AB30-CFB7991C977F}.Release|ARM.ActiveCfg = Release|Any CPU
		{5B0C26CA-4417-4674-AB30-CFB7991C977F}.Release|ARM.Build.0 = Release|Any CPU
		{5B0C26CA-4417-4674-AB30-CFB7991C977F}.Release|ARM.Deploy.0 = Release|Any CPU
		{5B0C26CA-4417-4674-AB30-CFB7991C977F}.Release|iPhone.ActiveCfg = Release|Any CPU
		{5B0C26CA-4417-4674-AB30-CFB7991C977F}.Release|iPhone.Build.0 = Release|Any CPU
		{5B0C26CA-4417-4674-AB30-CFB7991C977F}.Release|iPhone.Deploy.0 = Release|Any CPU
		{5B0C26CA-4417-4674-AB30-CFB7991C977F}.Release|iPhoneSimulator.ActiveCfg = Release|Any CPU
		{5B0C26CA-4417-4674-AB30-CFB7991C977F}.Release|iPhoneSimulator.Build.0 = Release|Any CPU
		{5B0C26CA-4417-4674-AB30-CFB7991C977F}.Release|iPhoneSimulator.Deploy.0 = Release|Any CPU
		{5B0C26CA-4417-4674-AB30-CFB7991C977F}.Release|x64.ActiveCfg = Release|Any CPU
		{5B0C26CA-4417-4674-AB30-CFB7991C977F}.Release|x64.Build.0 = Release|Any CPU
		{5B0C26CA-4417-4674-AB30-CFB7991C977F}.Release|x64.Deploy.0 = Release|Any CPU
		{5B0C26CA-4417-4674-AB30-CFB7991C977F}.Release|x86.ActiveCfg = Release|Any CPU
		{5B0C26CA-4417-4674-AB30-CFB7991C977F}.Release|x86.Build.0 = Release|Any CPU
		{5B0C26CA-4417-4674-AB30-CFB7991C977F}.Release|x86.Deploy.0 = Release|Any CPU
	EndGlobalSection
	GlobalSection(SolutionProperties) = preSolution
		HideSolutionNode = FALSE
	EndGlobalSection
	GlobalSection(ExtensibilityGlobals) = postSolution
		SolutionGuid = {D576D124-BB92-4A68-BFFA-EB19DF6CFA59}
	EndGlobalSection
EndGlobal
